
Microsoft Visual Studio Solution File, Format Version 12.00
# Visual Studio 2015
Project("{FAE04EC0-301F-11D3-BF4B-00C04F79EFBC}") = "AT AI Controller", "AT AI Controller.csproj", "{39B88BEA-17E2-246B-A2BC-8799BD72DEC9}"
EndProject
Project("{FAE04EC0-301F-11D3-BF4B-00C04F79EFBC}") = "AT AI Controller.Editor", "AT AI Controller.Editor.csproj", "{8ED3BA7D-9F10-7A08-35DF-E29636CB43E1}"
EndProject
Global
	GlobalSection(SolutionConfigurationPlatforms) = preSolution
		Debug|Any CPU = Debug|Any CPU
		Release|Any CPU = Release|Any CPU
	EndGlobalSection
	GlobalSection(ProjectConfigurationPlatforms) = postSolution
		{39B88BEA-17E2-246B-A2BC-8799BD72DEC9}.Debug|Any CPU.ActiveCfg = Debug|Any CPU
		{39B88BEA-17E2-246B-A2BC-8799BD72DEC9}.Debug|Any CPU.Build.0 = Debug|Any CPU
		{39B88BEA-17E2-246B-A2BC-8799BD72DEC9}.Release|Any CPU.ActiveCfg = Release|Any CPU
		{39B88BEA-17E2-246B-A2BC-8799BD72DEC9}.Release|Any CPU.Build.0 = Release|Any CPU
		{8ED3BA7D-9F10-7A08-35DF-E29636CB43E1}.Debug|Any CPU.ActiveCfg = Debug|Any CPU
		{8ED3BA7D-9F10-7A08-35DF-E29636CB43E1}.Debug|Any CPU.Build.0 = Debug|Any CPU
		{8ED3BA7D-9F10-7A08-35DF-E29636CB43E1}.Release|Any CPU.ActiveCfg = Release|Any CPU
		{8ED3BA7D-9F10-7A08-35DF-E29636CB43E1}.Release|Any CPU.Build.0 = Release|Any CPU
	EndGlobalSection
	GlobalSection(SolutionProperties) = preSolution
		HideSolutionNode = FALSE
	EndGlobalSection
EndGlobal
